// !$*UTF8*$!
{
	archiveVersion = 1;
	classes = {
	};
	objectVersion = 46;
	objects = {

/* Begin PBXBuildFile section */
		513FBA571F15BAD400C59F63 /* AppDelegate.swift in Sources */ = {isa = PBXBuildFile; fileRef = 513FBA561F15BAD400C59F63 /* AppDelegate.swift */; };
		513FBA591F15BAD400C59F63 /* ViewController.swift in Sources */ = {isa = PBXBuildFile; fileRef = 513FBA581F15BAD400C59F63 /* ViewController.swift */; };
		513FBA5C1F15BAD400C59F63 /* Main.storyboard in Resources */ = {isa = PBXBuildFile; fileRef = 513FBA5A1F15BAD400C59F63 /* Main.storyboard */; };
		513FBA5E1F15BAD400C59F63 /* Assets.xcassets in Resources */ = {isa = PBXBuildFile; fileRef = 513FBA5D1F15BAD400C59F63 /* Assets.xcassets */; };
		513FBA611F15BAD400C59F63 /* LaunchScreen.storyboard in Resources */ = {isa = PBXBuildFile; fileRef = 513FBA5F1F15BAD400C59F63 /* LaunchScreen.storyboard */; };
		513FBA691F15BB0D00C59F63 /* UIImageExtension.swift in Sources */ = {isa = PBXBuildFile; fileRef = 513FBA681F15BB0D00C59F63 /* UIImageExtension.swift */; };
/* End PBXBuildFile section */

/* Begin PBXFileReference section */
		513FBA531F15BAD400C59F63 /* snowFlakes.app */ = {isa = PBXFileReference; explicitFileType = wrapper.application; includeInIndex = 0; path = snowFlakes.app; sourceTree = BUILT_PRODUCTS_DIR; };
		513FBA561F15BAD400C59F63 /* AppDelegate.swift */ = {isa = PBXFileReference; lastKnownFileType = sourcecode.swift; path = AppDelegate.swift; sourceTree = "<group>"; };
		513FBA581F15BAD400C59F63 /* ViewController.swift */ = {isa = PBXFileReference; lastKnownFileType = sourcecode.swift; path = ViewController.swift; sourceTree = "<group>"; };
		513FBA5B1F15BAD400C59F63 /* Base */ = {isa = PBXFileReference; lastKnownFileType = file.storyboard; name = Base; path = Base.lproj/Main.storyboard; sourceTree = "<group>"; };
		513FBA5D1F15BAD400C59F63 /* Assets.xcassets */ = {isa = PBXFileReference; lastKnownFileType = folder.assetcatalog; path = Assets.xcassets; sourceTree = "<group>"; };
		513FBA601F15BAD400C59F63 /* Base */ = {isa = PBXFileReference; lastKnownFileType = file.storyboard; name = Base; path = Base.lproj/LaunchScreen.storyboard; sourceTree = "<group>"; };
		513FBA621F15BAD400C59F63 /* Info.plist */ = {isa = PBXFileReference; lastKnownFileType = text.plist.xml; path = Info.plist; sourceTree = "<group>"; };
		513FBA681F15BB0D00C59F63 /* UIImageExtension.swift */ = {isa = PBXFileReference; fileEncoding = 4; lastKnownFileType = sourcecode.swift; path = UIImageExtension.swift; sourceTree = "<group>"; };
/* End PBXFileReference section */

/* Begin PBXFrameworksBuildPhase section */
		513FBA501F15BAD400C59F63 /* Frameworks */ = {
			isa = PBXFrameworksBuildPhase;
			buildActionMask = 2147483647;
			files = (
			);
			runOnlyForDeploymentPostprocessing = 0;
		};
/* End PBXFrameworksBuildPhase section */

/* Begin PBXGroup section */
		513FBA4A1F15BAD400C59F63 = {
			isa = PBXGroup;
			children = (
				513FBA551F15BAD400C59F63 /* snowFlakes */,
				513FBA541F15BAD400C59F63 /* Products */,
			);
			sourceTree = "<group>";
		};
		513FBA541F15BAD400C59F63 /* Products */ = {
			isa = PBXGroup;
			children = (
				513FBA531F15BAD400C59F63 /* snowFlakes.app */,
			);
			name = Products;
			sourceTree = "<group>";
		};
		513FBA551F15BAD400C59F63 /* snowFlakes */ = {
			isa = PBXGroup;
			children = (
				513FBA561F15BAD400C59F63 /* AppDelegate.swift */,
				513FBA581F15BAD400C59F63 /* ViewController.swift */,
				513FBA5A1F15BAD400C59F63 /* Main.storyboard */,
				513FBA5D1F15BAD400C59F63 /* Assets.xcassets */,
				513FBA5F1F15BAD400C59F63 /* LaunchScreen.storyboard */,
				513FBA621F15BAD400C59F63 /* Info.plist */,
				513FBA681F15BB0D00C59F63 /* UIImageExtension.swift */,
			);
			path = snowFlakes;
			sourceTree = "<group>";
		};
/* End PBXGroup section */

/* Begin PBXNativeTarget section */
		513FBA521F15BAD400C59F63 /* snowFlakes */ = {
			isa = PBXNativeTarget;
			buildConfigurationList = 513FBA651F15BAD400C59F63 /* Build configuration list for PBXNativeTarget "snowFlakes" */;
			buildPhases = (
				513FBA4F1F15BAD400C59F63 /* Sources */,
				513FBA501F15BAD400C59F63 /* Frameworks */,
				513FBA511F15BAD400C59F63 /* Resources */,
			);
			buildRules = (
			);
			dependencies = (
			);
			name = snowFlakes;
			productName = snowFlakes;
			productReference = 513FBA531F15BAD400C59F63 /* snowFlakes.app */;
			productType = "com.apple.product-type.application";
		};
/* End PBXNativeTarget section */

/* Begin PBXProject section */
		513FBA4B1F15BAD400C59F63 /* Project object */ = {
			isa = PBXProject;
			attributes = {
				LastSwiftUpdateCheck = 0830;
				LastUpgradeCheck = 0830;
				ORGANIZATIONNAME = "vara shen";
				TargetAttributes = {
					513FBA521F15BAD400C59F63 = {
						CreatedOnToolsVersion = 8.3.3;
						ProvisioningStyle = Automatic;
					};
				};
			};
			buildConfigurationList = 513FBA4E1F15BAD400C59F63 /* Build configuration list for PBXProject "snowFlakes" */;
			compatibilityVersion = "Xcode 3.2";
			developmentRegion = English;
			hasScannedForEncodings = 0;
			knownRegions = (
				en,
				Base,
			);
			mainGroup = 513FBA4A1F15BAD400C59F63;
			productRefGroup = 513FBA541F15BAD400C59F63 /* Products */;
			projectDirPath = "";
			projectRoot = "";
			targets = (
				513FBA521F15BAD400C59F63 /* snowFlakes */,
			);
		};
/* End PBXProject section */

/* Begin PBXResourcesBuildPhase section */
		513FBA511F15BAD400C59F63 /* Resources */ = {
			isa = PBXResourcesBuildPhase;
			buildActionMask = 2147483647;
			files = (
				513FBA611F15BAD400C59F63 /* LaunchScreen.storyboard in Resources */,
				513FBA5E1F15BAD400C59F63 /* Assets.xcassets in Resources */,
				513FBA5C1F15BAD400C59F63 /* Main.storyboard in Resources */,
			);
			runOnlyForDeploymentPostprocessing = 0;
		};
/* End PBXResourcesBuildPhase section */

/* Begin PBXSourcesBuildPhase section */
		513FBA4F1F15BAD400C59F63 /* Sources */ = {
			isa = PBXSourcesBuildPhase;
			buildActionMask = 2147483647;
			files = (
				513FBA591F15BAD400C59F63 /* ViewController.swift in Sources */,
				513FBA571F15BAD400C59F63 /* AppDelegate.swift in Sources */,
				513FBA691F15BB0D00C59F63 /* UIImageExtension.swift in Sources */,
			);
			runOnlyForDeploymentPostprocessing = 0;
		};
/* End PBXSourcesBuildPhase section */

/* Begin PBXVariantGroup section */
		513FBA5A1F15BAD400C59F63 /* Main.storyboard */ = {
			isa = PBXVariantGroup;
			children = (
				513FBA5B1F15BAD400C59F63 /* Base */,
			);
			name = Main.storyboard;
			sourceTree = "<group>";
		};
		513FBA5F1F15BAD400C59F63 /* LaunchScreen.storyboard */ = {
			isa = PBXVariantGroup;
			children = (
				513FBA601F15BAD400C59F63 /* Base */,
			);
			name = LaunchScreen.storyboard;
			sourceTree = "<group>";
		};
/* End PBXVariantGroup section */

/* Begin XCBuildConfiguration section */
		513FBA631F15BAD400C59F63 /* Debug */ = {
			isa = XCBuildConfiguration;
			buildSettings = {
				ALWAYS_SEARCH_USER_PATHS = NO;
				CLANG_ANALYZER_NONNULL = YES;
				CLANG_ANALYZER_NUMBER_OBJECT_CONVERSION = YES_AGGRESSIVE;
				CLANG_CXX_LANGUAGE_STANDARD = "gnu++0x";
				CLANG_CXX_LIBRARY = "libc++";
				CLANG_ENABLE_MODULES = YES;
				CLANG_ENABLE_OBJC_ARC = YES;
				CLANG_WARN_BOOL_CONVERSION = YES;
				CLANG_WARN_CONSTANT_CONVERSION = YES;
				CLANG_WARN_DIRECT_OBJC_ISA_USAGE = YES_ERROR;
				CLANG_WARN_DOCUMENTATION_COMMENTS = YES;
				CLANG_WARN_EMPTY_BODY = YES;
				CLANG_WARN_ENUM_CONVERSION = YES;
				CLANG_WARN_INFINITE_RECURSION = YES;
				CLANG_WARN_INT_CONVERSION = YES;
				CLANG_WARN_OBJC_ROOT_CLASS = YES_ERROR;
				CLANG_WARN_SUSPICIOUS_MOVE = YES;
				CLANG_WARN_UNREACHABLE_CODE = YES;
				CLANG_WARN__DUPLICATE_METHOD_MATCH = YES;
				"CODE_SIGN_IDENTITY[sdk=iphoneos*]" = "iPhone Developer";
				COPY_PHASE_STRIP = NO;
				DEBUG_INFORMATION_FORMAT = dwarf;
				ENABLE_STRICT_OBJC_MSGSEND = YES;
				ENABLE_TESTABILITY = YES;
				GCC_C_LANGUAGE_STANDARD = gnu99;
				GCC_DYNAMIC_NO_PIC = NO;
				GCC_NO_COMMON_BLOCKS = YES;
				GCC_OPTIMIZATION_LEVEL = 0;
				GCC_PREPROCESSOR_DEFINITIONS = (
					"DEBUG=1",
					"$(inherited)",
				);
				GCC_WARN_64_TO_32_BIT_CONVERSION = YES;
				GCC_WARN_ABOUT_RETURN_TYPE = YES_ERROR;
				GCC_WARN_UNDECLARED_SELECTOR = YES;
				GCC_WARN_UNINITIALIZED_AUTOS = YES_AGGRESSIVE;
				GCC_WARN_UNUSED_FUNCTION = YES;
				GCC_WARN_UNUSED_VARIABLE = YES;
				IPHONEOS_DEPLOYMENT_TARGET = 10.3;
				MTL_ENABLE_DEBUG_INFO = YES;
				ONLY_ACTIVE_ARCH = YES;
				SDKROOT = iphoneos;
				SWIFT_ACTIVE_COMPILATION_CONDITIONS = DEBUG;
				SWIFT_OPTIMIZATION_LEVEL = "-Onone";
			};
			name = Debug;
		};
		513FBA641F15BAD400C59F63 /* Release */ = {
			isa = XCBuildConfiguration;
			buildSettings = {
				ALWAYS_SEARCH_USER_PATHS = NO;
				CLANG_ANALYZER_NONNULL = YES;
				CLANG_ANALYZER_NUMBER_OBJECT_CONVERSION = YES_AGGRESSIVE;
				CLANG_CXX_LANGUAGE_STANDARD = "gnu++0x";
				CLANG_CXX_LIBRARY = "libc++";
				CLANG_ENABLE_MODULES = YES;
				CLANG_ENABLE_OBJC_ARC = YES;
				CLANG_WARN_BOOL_CONVERSION = YES;
				CLANG_WARN_CONSTANT_CONVERSION = YES;
				CLANG_WARN_DIRECT_OBJC_ISA_USAGE = YES_ERROR;
				CLANG_WARN_DOCUMENTATION_COMMENTS = YES;
				CLANG_WARN_EMPTY_BODY = YES;
				CLANG_WARN_ENUM_CONVERSION = YES;
				CLANG_WARN_INFINITE_RECURSION = YES;
				CLANG_WARN_INT_CONVERSION = YES;
				CLANG_WARN_OBJC_ROOT_CLASS = YES_ERROR;
				CLANG_WARN_SUSPICIOUS_MOVE = YES;
				CLANG_WARN_UNREACHABLE_CODE = YES;
				CLANG_WARN__DUPLICATE_METHOD_MATCH = YES;
				"CODE_SIGN_IDENTITY[sdk=iphoneos*]" = "iPhone Developer";
				COPY_PHASE_STRIP = NO;
				DEBUG_INFORMATION_FORMAT = "dwarf-with-dsym";
				ENABLE_NS_ASSERTIONS = NO;
				ENABLE_STRICT_OBJC_MSGSEND = YES;
				GCC_C_LANGUAGE_STANDARD = gnu99;
				GCC_NO_COMMON_BLOCKS = YES;
				GCC_WARN_64_TO_32_BIT_CONVERSION = YES;
				GCC_WARN_ABOUT_RETURN_TYPE = YES_ERROR;
				GCC_WARN_UNDECLARED_SELECTOR = YES;
				GCC_WARN_UNINITIALIZED_AUTOS = YES_AGGRESSIVE;
				GCC_WARN_UNUSED_FUNCTION = YES;
				GCC_WARN_UNUSED_VARIABLE = YES;
				IPHONEOS_DEPLOYMENT_TARGET = 10.3;
				MTL_ENABLE_DEBUG_INFO = NO;
				SDKROOT = iphoneos;
				SWIFT_OPTIMIZATION_LEVEL = "-Owholemodule";
				VALIDATE_PRODUCT = YES;
			};
			name = Release;
		};
		513FBA661F15BAD400C59F63 /* Debug */ = {
			isa = XCBuildConfiguration;
			buildSettings = {
				ASSETCATALOG_COMPILER_APPICON_NAME = AppIcon;
				INFOPLIST_FILE = snowFlakes/Info.plist;
				LD_RUNPATH_SEARCH_PATHS = "$(inherited) @executable_path/Frameworks";
				PRODUCT_BUNDLE_IDENTIFIER = com.github.shenmiaoling.snowFlakes;
				PRODUCT_NAME = "$(TARGET_NAME)";
				SWIFT_VERSION = 3.0;
			};
			name = Debug;
		};
		513FBA671F15BAD400C59F63 /* Release */ = {
			isa = XCBuildConfiguration;
			buildSettings = {
				ASSETCATALOG_COMPILER_APPICON_NAME = AppIcon;
				INFOPLIST_FILE = snowFlakes/Info.plist;
				LD_RUNPATH_SEARCH_PATHS = "$(inherited) @executable_path/Frameworks";
				PRODUCT_BUNDLE_IDENTIFIER = com.github.shenmiaoling.snowFlakes;
				PRODUCT_NAME = "$(TARGET_NAME)";
				SWIFT_VERSION = 3.0;
			};
			name = Release;
		};
/* End XCBuildConfiguration section */

/* Begin XCConfigurationList section */
		513FBA4E1F15BAD400C59F63 /* Build configuration list for PBXProject "snowFlakes" */ = {
			isa = XCConfigurationList;
			buildConfigurations = (
				513FBA631F15BAD400C59F63 /* Debug */,
				513FBA641F15BAD400C59F63 /* Release */,
			);
			defaultConfigurationIsVisible = 0;
			defaultConfigurationName = Release;
		};
		513FBA651F15BAD400C59F63 /* Build configuration list for PBXNativeTarget "snowFlakes" */ = {
			isa = XCConfigurationList;
			buildConfigurations = (
				513FBA661F15BAD400C59F63 /* Debug */,
				513FBA671F15BAD400C59F63 /* Release */,
			);
			defaultConfigurationIsVisible = 0;
		};
/* End XCConfigurationList section */
	};
	rootObject = 513FBA4B1F15BAD400C59F63 /* Project object */;
}
